
Microsoft Visual Studio Solution File, Format Version 11.00
# Visual Studio Version 16
Project("{8BC9CEB8-8B4A-11D0-8D11-00A0C91BC942}") = "3d", "3d.vcxproj", "{6E3752F9-3267-4923-BEBA-4250CEB46D30}"
EndProject
Project("{8BC9CEB8-8B4A-11D0-8D11-00A0C91BC942}") = "asyncio", "asyncio.vcxproj", "{2A98BA80-A03A-4587-9314-8A3F8D374213}"
EndProject
Project("{8BC9CEB8-8B4A-11D0-8D11-00A0C91BC942}") = "channel_groups", "channel_groups.vcxproj", "{7B48C5FD-006E-4141-BC03-9E2FF4329732}"
EndProject
Project("{8BC9CEB8-8B4A-11D0-8D11-00A0C91BC942}") = "convolution_reverb", "convolution_reverb.vcxproj", "{E71516A2-CD28-42E6-8C34-F0B33B33FFCB}"
EndProject
Project("{8BC9CEB8-8B4A-11D0-8D11-00A0C91BC942}") = "dsp_custom", "dsp_custom.vcxproj", "{D228EAAC-B794-402F-A97E-537685A13ED5}"
EndProject
Project("{8BC9CEB8-8B4A-11D0-8D11-00A0C91BC942}") = "dsp_effect_per_speaker", "dsp_effect_per_speaker.vcxproj", "{09FEC73D-9536-493E-9940-C390287AD0D1}"
EndProject
Project("{8BC9CEB8-8B4A-11D0-8D11-00A0C91BC942}") = "dsp_inspector", "dsp_inspector.vcxproj", "{A2434C21-1CCE-430B-97B8-7F08C43650B7}"
EndProject
Project("{8BC9CEB8-8B4A-11D0-8D11-00A0C91BC942}") = "effects", "effects.vcxproj", "{4494B557-8F2A-43A2-A1CD-E539B51E74FD}"
EndProject
Project("{8BC9CEB8-8B4A-11D0-8D11-00A0C91BC942}") = "gapless_playback", "gapless_playback.vcxproj", "{D499CF17-D549-4698-B0C2-AAF324F3A871}"
EndProject
Project("{8BC9CEB8-8B4A-11D0-8D11-00A0C91BC942}") = "generate_tone", "generate_tone.vcxproj", "{082B62D8-C449-4509-AB0C-FAC7185C1B2C}"
EndProject
Project("{8BC9CEB8-8B4A-11D0-8D11-00A0C91BC942}") = "granular_synth", "granular_synth.vcxproj", "{D46380B8-A167-4587-B95F-455C0D5B5711}"
EndProject
Project("{8BC9CEB8-8B4A-11D0-8D11-00A0C91BC942}") = "load_from_memory", "load_from_memory.vcxproj", "{D6FCE9D0-D8AA-47A4-A920-8121E6B27E0A}"
EndProject
Project("{8BC9CEB8-8B4A-11D0-8D11-00A0C91BC942}") = "multiple_speaker", "multiple_speaker.vcxproj", "{B2B7F0A2-05E9-4568-B979-1D8E9E28E03B}"
EndProject
Project("{8BC9CEB8-8B4A-11D0-8D11-00A0C91BC942}") = "multiple_system", "multiple_system.vcxproj", "{177B2926-77C5-4281-BD4B-63B25B42BFD1}"
EndProject
Project("{8BC9CEB8-8B4A-11D0-8D11-00A0C91BC942}") = "net_stream", "net_stream.vcxproj", "{7DB1B069-B6F6-4E49-B4C1-9002273EF6C6}"
EndProject
Project("{8BC9CEB8-8B4A-11D0-8D11-00A0C91BC942}") = "play_sound", "play_sound.vcxproj", "{DB608E91-6B9F-4460-8ECC-AFADC1C80A9D}"
EndProject
Project("{8BC9CEB8-8B4A-11D0-8D11-00A0C91BC942}") = "play_stream", "play_stream.vcxproj", "{D39F7C67-E1BF-4122-BA4F-F827B1BCBD16}"
EndProject
Project("{8BC9CEB8-8B4A-11D0-8D11-00A0C91BC942}") = "record", "record.vcxproj", "{2A815A37-5702-48E0-87DC-F5CF3B7659D4}"
EndProject
Project("{8BC9CEB8-8B4A-11D0-8D11-00A0C91BC942}") = "record_enumeration", "record_enumeration.vcxproj", "{94E25025-BB51-4D27-AC1F-BAFE0E648051}"
EndProject
Project("{8BC9CEB8-8B4A-11D0-8D11-00A0C91BC942}") = "user_created_sound", "user_created_sound.vcxproj", "{4A63D3DE-85BC-42E7-9BE9-4092BD6C9A0E}"
EndProject
Project("{8BC9CEB8-8B4A-11D0-8D11-00A0C91BC942}") = "fmod_codec_raw", "fmod_codec_raw.vcxproj", "{D8E39B60-30AF-450C-B761-619665C04086}"
EndProject
Project("{8BC9CEB8-8B4A-11D0-8D11-00A0C91BC942}") = "fmod_distance_filter", "fmod_distance_filter.vcxproj", "{AAE71F8F-A332-4F70-9C1A-5E76BB8751A6}"
EndProject
Project("{8BC9CEB8-8B4A-11D0-8D11-00A0C91BC942}") = "fmod_gain", "fmod_gain.vcxproj", "{AB7F7397-3E0D-46C5-9129-7147624C4D8F}"
EndProject
Project("{8BC9CEB8-8B4A-11D0-8D11-00A0C91BC942}") = "fmod_noise", "fmod_noise.vcxproj", "{29212185-26CE-44DC-90F0-5E645D01ED67}"
EndProject
Project("{8BC9CEB8-8B4A-11D0-8D11-00A0C91BC942}") = "fmod_rnbo", "fmod_rnbo.vcxproj", "{AE58D3FD-9263-4592-AF83-E9905BFFFA96}"
EndProject
Project("{8BC9CEB8-8B4A-11D0-8D11-00A0C91BC942}") = "output_mp3", "output_mp3.vcxproj", "{7B50067E-F506-405A-8A18-17604ED7BF1E}"
EndProject
Global
	GlobalSection(SolutionConfigurationPlatforms) = preSolution
		Debug|Win32 = Debug|Win32
		Debug|x64 = Debug|x64
		Debug|ARM64 = Debug|ARM64
		Release|Win32 = Release|Win32
		Release|x64 = Release|x64
		Release|ARM64 = Release|ARM64
	EndGlobalSection
	GlobalSection(ProjectConfigurationPlatforms) = postSolution
		{6E3752F9-3267-4923-BEBA-4250CEB46D30}.Debug|Win32.ActiveCfg = Debug|Win32
		{6E3752F9-3267-4923-BEBA-4250CEB46D30}.Debug|Win32.Build.0 = Debug|Win32
		{6E3752F9-3267-4923-BEBA-4250CEB46D30}.Debug|Win32.Deploy.0 = Debug|Win32
		{6E3752F9-3267-4923-BEBA-4250CEB46D30}.Debug|x64.ActiveCfg = Debug|x64
		{6E3752F9-3267-4923-BEBA-4250CEB46D30}.Debug|x64.Build.0 = Debug|x64
		{6E3752F9-3267-4923-BEBA-4250CEB46D30}.Debug|x64.Deploy.0 = Debug|x64
		{6E3752F9-3267-4923-BEBA-4250CEB46D30}.Debug|ARM64.ActiveCfg = Debug|ARM64
		{6E3752F9-3267-4923-BEBA-4250CEB46D30}.Debug|ARM64.Build.0 = Debug|ARM64
		{6E3752F9-3267-4923-BEBA-4250CEB46D30}.Debug|ARM64.Deploy.0 = Debug|ARM64
		{6E3752F9-3267-4923-BEBA-4250CEB46D30}.Release|Win32.ActiveCfg = Release|Win32
		{6E3752F9-3267-4923-BEBA-4250CEB46D30}.Release|Win32.Build.0 = Release|Win32
		{6E3752F9-3267-4923-BEBA-4250CEB46D30}.Release|Win32.Deploy.0 = Release|Win32
		{6E3752F9-3267-4923-BEBA-4250CEB46D30}.Release|x64.ActiveCfg = Release|x64
		{6E3752F9-3267-4923-BEBA-4250CEB46D30}.Release|x64.Build.0 = Release|x64
		{6E3752F9-3267-4923-BEBA-4250CEB46D30}.Release|x64.Deploy.0 = Release|x64
		{6E3752F9-3267-4923-BEBA-4250CEB46D30}.Release|ARM64.ActiveCfg = Release|ARM64
		{6E3752F9-3267-4923-BEBA-4250CEB46D30}.Release|ARM64.Build.0 = Release|ARM64
		{6E3752F9-3267-4923-BEBA-4250CEB46D30}.Release|ARM64.Deploy.0 = Release|ARM64
		{2A98BA80-A03A-4587-9314-8A3F8D374213}.Debug|Win32.ActiveCfg = Debug|Win32
		{2A98BA80-A03A-4587-9314-8A3F8D374213}.Debug|Win32.Build.0 = Debug|Win32
		{2A98BA80-A03A-4587-9314-8A3F8D374213}.Debug|Win32.Deploy.0 = Debug|Win32
		{2A98BA80-A03A-4587-9314-8A3F8D374213}.Debug|x64.ActiveCfg = Debug|x64
		{2A98BA80-A03A-4587-9314-8A3F8D374213}.Debug|x64.Build.0 = Debug|x64
		{2A98BA80-A03A-4587-9314-8A3F8D374213}.Debug|x64.Deploy.0 = Debug|x64
		{2A98BA80-A03A-4587-9314-8A3F8D374213}.Debug|ARM64.ActiveCfg = Debug|ARM64
		{2A98BA80-A03A-4587-9314-8A3F8D374213}.Debug|ARM64.Build.0 = Debug|ARM64
		{2A98BA80-A03A-4587-9314-8A3F8D374213}.Debug|ARM64.Deploy.0 = Debug|ARM64
		{2A98BA80-A03A-4587-9314-8A3F8D374213}.Release|Win32.ActiveCfg = Release|Win32
		{2A98BA80-A03A-4587-9314-8A3F8D374213}.Release|Win32.Build.0 = Release|Win32
		{2A98BA80-A03A-4587-9314-8A3F8D374213}.Release|Win32.Deploy.0 = Release|Win32
		{2A98BA80-A03A-4587-9314-8A3F8D374213}.Release|x64.ActiveCfg = Release|x64
		{2A98BA80-A03A-4587-9314-8A3F8D374213}.Release|x64.Build.0 = Release|x64
		{2A98BA80-A03A-4587-9314-8A3F8D374213}.Release|x64.Deploy.0 = Release|x64
		{2A98BA80-A03A-4587-9314-8A3F8D374213}.Release|ARM64.ActiveCfg = Release|ARM64
		{2A98BA80-A03A-4587-9314-8A3F8D374213}.Release|ARM64.Build.0 = Release|ARM64
		{2A98BA80-A03A-4587-9314-8A3F8D374213}.Release|ARM64.Deploy.0 = Release|ARM64
		{7B48C5FD-006E-4141-BC03-9E2FF4329732}.Debug|Win32.ActiveCfg = Debug|Win32
		{7B48C5FD-006E-4141-BC03-9E2FF4329732}.Debug|Win32.Build.0 = Debug|Win32
		{7B48C5FD-006E-4141-BC03-9E2FF4329732}.Debug|Win32.Deploy.0 = Debug|Win32
		{7B48C5FD-006E-4141-BC03-9E2FF4329732}.Debug|x64.ActiveCfg = Debug|x64
		{7B48C5FD-006E-4141-BC03-9E2FF4329732}.Debug|x64.Build.0 = Debug|x64
		{7B48C5FD-006E-4141-BC03-9E2FF4329732}.Debug|x64.Deploy.0 = Debug|x64
		{7B48C5FD-006E-4141-BC03-9E2FF4329732}.Debug|ARM64.ActiveCfg = Debug|ARM64
		{7B48C5FD-006E-4141-BC03-9E2FF4329732}.Debug|ARM64.Build.0 = Debug|ARM64
		{7B48C5FD-006E-4141-BC03-9E2FF4329732}.Debug|ARM64.Deploy.0 = Debug|ARM64
		{7B48C5FD-006E-4141-BC03-9E2FF4329732}.Release|Win32.ActiveCfg = Release|Win32
		{7B48C5FD-006E-4141-BC03-9E2FF4329732}.Release|Win32.Build.0 = Release|Win32
		{7B48C5FD-006E-4141-BC03-9E2FF4329732}.Release|Win32.Deploy.0 = Release|Win32
		{7B48C5FD-006E-4141-BC03-9E2FF4329732}.Release|x64.ActiveCfg = Release|x64
		{7B48C5FD-006E-4141-BC03-9E2FF4329732}.Release|x64.Build.0 = Release|x64
		{7B48C5FD-006E-4141-BC03-9E2FF4329732}.Release|x64.Deploy.0 = Release|x64
		{7B48C5FD-006E-4141-BC03-9E2FF4329732}.Release|ARM64.ActiveCfg = Release|ARM64
		{7B48C5FD-006E-4141-BC03-9E2FF4329732}.Release|ARM64.Build.0 = Release|ARM64
		{7B48C5FD-006E-4141-BC03-9E2FF4329732}.Release|ARM64.Deploy.0 = Release|ARM64
		{E71516A2-CD28-42E6-8C34-F0B33B33FFCB}.Debug|Win32.ActiveCfg = Debug|Win32
		{E71516A2-CD28-42E6-8C34-F0B33B33FFCB}.Debug|Win32.Build.0 = Debug|Win32
		{E71516A2-CD28-42E6-8C34-F0B33B33FFCB}.Debug|Win32.Deploy.0 = Debug|Win32
		{E71516A2-CD28-42E6-8C34-F0B33B33FFCB}.Debug|x64.ActiveCfg = Debug|x64
		{E71516A2-CD28-42E6-8C34-F0B33B33FFCB}.Debug|x64.Build.0 = Debug|x64
		{E71516A2-CD28-42E6-8C34-F0B33B33FFCB}.Debug|x64.Deploy.0 = Debug|x64
		{E71516A2-CD28-42E6-8C34-F0B33B33FFCB}.Debug|ARM64.ActiveCfg = Debug|ARM64
		{E71516A2-CD28-42E6-8C34-F0B33B33FFCB}.Debug|ARM64.Build.0 = Debug|ARM64
		{E71516A2-CD28-42E6-8C34-F0B33B33FFCB}.Debug|ARM64.Deploy.0 = Debug|ARM64
		{E71516A2-CD28-42E6-8C34-F0B33B33FFCB}.Release|Win32.ActiveCfg = Release|Win32
		{E71516A2-CD28-42E6-8C34-F0B33B33FFCB}.Release|Win32.Build.0 = Release|Win32
		{E71516A2-CD28-42E6-8C34-F0B33B33FFCB}.Release|Win32.Deploy.0 = Release|Win32
		{E71516A2-CD28-42E6-8C34-F0B33B33FFCB}.Release|x64.ActiveCfg = Release|x64
		{E71516A2-CD28-42E6-8C34-F0B33B33FFCB}.Release|x64.Build.0 = Release|x64
		{E71516A2-CD28-42E6-8C34-F0B33B33FFCB}.Release|x64.Deploy.0 = Release|x64
		{E71516A2-CD28-42E6-8C34-F0B33B33FFCB}.Release|ARM64.ActiveCfg = Release|ARM64
		{E71516A2-CD28-42E6-8C34-F0B33B33FFCB}.Release|ARM64.Build.0 = Release|ARM64
		{E71516A2-CD28-42E6-8C34-F0B33B33FFCB}.Release|ARM64.Deploy.0 = Release|ARM64
		{D228EAAC-B794-402F-A97E-537685A13ED5}.Debug|Win32.ActiveCfg = Debug|Win32
		{D228EAAC-B794-402F-A97E-537685A13ED5}.Debug|Win32.Build.0 = Debug|Win32
		{D228EAAC-B794-402F-A97E-537685A13ED5}.Debug|Win32.Deploy.0 = Debug|Win32
		{D228EAAC-B794-402F-A97E-537685A13ED5}.Debug|x64.ActiveCfg = Debug|x64
		{D228EAAC-B794-402F-A97E-537685A13ED5}.Debug|x64.Build.0 = Debug|x64
		{D228EAAC-B794-402F-A97E-537685A13ED5}.Debug|x64.Deploy.0 = Debug|x64
		{D228EAAC-B794-402F-A97E-537685A13ED5}.Debug|ARM64.ActiveCfg = Debug|ARM64
		{D228EAAC-B794-402F-A97E-537685A13ED5}.Debug|ARM64.Build.0 = Debug|ARM64
		{D228EAAC-B794-402F-A97E-537685A13ED5}.Debug|ARM64.Deploy.0 = Debug|ARM64
		{D228EAAC-B794-402F-A97E-537685A13ED5}.Release|Win32.ActiveCfg = Release|Win32
		{D228EAAC-B794-402F-A97E-537685A13ED5}.Release|Win32.Build.0 = Release|Win32
		{D228EAAC-B794-402F-A97E-537685A13ED5}.Release|Win32.Deploy.0 = Release|Win32
		{D228EAAC-B794-402F-A97E-537685A13ED5}.Release|x64.ActiveCfg = Release|x64
		{D228EAAC-B794-402F-A97E-537685A13ED5}.Release|x64.Build.0 = Release|x64
		{D228EAAC-B794-402F-A97E-537685A13ED5}.Release|x64.Deploy.0 = Release|x64
		{D228EAAC-B794-402F-A97E-537685A13ED5}.Release|ARM64.ActiveCfg = Release|ARM64
		{D228EAAC-B794-402F-A97E-537685A13ED5}.Release|ARM64.Build.0 = Release|ARM64
		{D228EAAC-B794-402F-A97E-537685A13ED5}.Release|ARM64.Deploy.0 = Release|ARM64
		{09FEC73D-9536-493E-9940-C390287AD0D1}.Debug|Win32.ActiveCfg = Debug|Win32
		{09FEC73D-9536-493E-9940-C390287AD0D1}.Debug|Win32.Build.0 = Debug|Win32
		{09FEC73D-9536-493E-9940-C390287AD0D1}.Debug|Win32.Deploy.0 = Debug|Win32
		{09FEC73D-9536-493E-9940-C390287AD0D1}.Debug|x64.ActiveCfg = Debug|x64
		{09FEC73D-9536-493E-9940-C390287AD0D1}.Debug|x64.Build.0 = Debug|x64
		{09FEC73D-9536-493E-9940-C390287AD0D1}.Debug|x64.Deploy.0 = Debug|x64
		{09FEC73D-9536-493E-9940-C390287AD0D1}.Debug|ARM64.ActiveCfg = Debug|ARM64
		{09FEC73D-9536-493E-9940-C390287AD0D1}.Debug|ARM64.Build.0 = Debug|ARM64
		{09FEC73D-9536-493E-9940-C390287AD0D1}.Debug|ARM64.Deploy.0 = Debug|ARM64
		{09FEC73D-9536-493E-9940-C390287AD0D1}.Release|Win32.ActiveCfg = Release|Win32
		{09FEC73D-9536-493E-9940-C390287AD0D1}.Release|Win32.Build.0 = Release|Win32
		{09FEC73D-9536-493E-9940-C390287AD0D1}.Release|Win32.Deploy.0 = Release|Win32
		{09FEC73D-9536-493E-9940-C390287AD0D1}.Release|x64.ActiveCfg = Release|x64
		{09FEC73D-9536-493E-9940-C390287AD0D1}.Release|x64.Build.0 = Release|x64
		{09FEC73D-9536-493E-9940-C390287AD0D1}.Release|x64.Deploy.0 = Release|x64
		{09FEC73D-9536-493E-9940-C390287AD0D1}.Release|ARM64.ActiveCfg = Release|ARM64
		{09FEC73D-9536-493E-9940-C390287AD0D1}.Release|ARM64.Build.0 = Release|ARM64
		{09FEC73D-9536-493E-9940-C390287AD0D1}.Release|ARM64.Deploy.0 = Release|ARM64
		{A2434C21-1CCE-430B-97B8-7F08C43650B7}.Debug|Win32.ActiveCfg = Debug|Win32
		{A2434C21-1CCE-430B-97B8-7F08C43650B7}.Debug|Win32.Build.0 = Debug|Win32
		{A2434C21-1CCE-430B-97B8-7F08C43650B7}.Debug|Win32.Deploy.0 = Debug|Win32
		{A2434C21-1CCE-430B-97B8-7F08C43650B7}.Debug|x64.ActiveCfg = Debug|x64
		{A2434C21-1CCE-430B-97B8-7F08C43650B7}.Debug|x64.Build.0 = Debug|x64
		{A2434C21-1CCE-430B-97B8-7F08C43650B7}.Debug|x64.Deploy.0 = Debug|x64
		{A2434C21-1CCE-430B-97B8-7F08C43650B7}.Debug|ARM64.ActiveCfg = Debug|ARM64
		{A2434C21-1CCE-430B-97B8-7F08C43650B7}.Debug|ARM64.Build.0 = Debug|ARM64
		{A2434C21-1CCE-430B-97B8-7F08C43650B7}.Debug|ARM64.Deploy.0 = Debug|ARM64
		{A2434C21-1CCE-430B-97B8-7F08C43650B7}.Release|Win32.ActiveCfg = Release|Win32
		{A2434C21-1CCE-430B-97B8-7F08C43650B7}.Release|Win32.Build.0 = Release|Win32
		{A2434C21-1CCE-430B-97B8-7F08C43650B7}.Release|Win32.Deploy.0 = Release|Win32
		{A2434C21-1CCE-430B-97B8-7F08C43650B7}.Release|x64.ActiveCfg = Release|x64
		{A2434C21-1CCE-430B-97B8-7F08C43650B7}.Release|x64.Build.0 = Release|x64
		{A2434C21-1CCE-430B-97B8-7F08C43650B7}.Release|x64.Deploy.0 = Release|x64
		{A2434C21-1CCE-430B-97B8-7F08C43650B7}.Release|ARM64.ActiveCfg = Release|ARM64
		{A2434C21-1CCE-430B-97B8-7F08C43650B7}.Release|ARM64.Build.0 = Release|ARM64
		{A2434C21-1CCE-430B-97B8-7F08C43650B7}.Release|ARM64.Deploy.0 = Release|ARM64
		{4494B557-8F2A-43A2-A1CD-E539B51E74FD}.Debug|Win32.ActiveCfg = Debug|Win32
		{4494B557-8F2A-43A2-A1CD-E539B51E74FD}.Debug|Win32.Build.0 = Debug|Win32
		{4494B557-8F2A-43A2-A1CD-E539B51E74FD}.Debug|Win32.Deploy.0 = Debug|Win32
		{4494B557-8F2A-43A2-A1CD-E539B51E74FD}.Debug|x64.ActiveCfg = Debug|x64
		{4494B557-8F2A-43A2-A1CD-E539B51E74FD}.Debug|x64.Build.0 = Debug|x64
		{4494B557-8F2A-43A2-A1CD-E539B51E74FD}.Debug|x64.Deploy.0 = Debug|x64
		{4494B557-8F2A-43A2-A1CD-E539B51E74FD}.Debug|ARM64.ActiveCfg = Debug|ARM64
		{4494B557-8F2A-43A2-A1CD-E539B51E74FD}.Debug|ARM64.Build.0 = Debug|ARM64
		{4494B557-8F2A-43A2-A1CD-E539B51E74FD}.Debug|ARM64.Deploy.0 = Debug|ARM64
		{4494B557-8F2A-43A2-A1CD-E539B51E74FD}.Release|Win32.ActiveCfg = Release|Win32
		{4494B557-8F2A-43A2-A1CD-E539B51E74FD}.Release|Win32.Build.0 = Release|Win32
		{4494B557-8F2A-43A2-A1CD-E539B51E74FD}.Release|Win32.Deploy.0 = Release|Win32
		{4494B557-8F2A-43A2-A1CD-E539B51E74FD}.Release|x64.ActiveCfg = Release|x64
		{4494B557-8F2A-43A2-A1CD-E539B51E74FD}.Release|x64.Build.0 = Release|x64
		{4494B557-8F2A-43A2-A1CD-E539B51E74FD}.Release|x64.Deploy.0 = Release|x64
		{4494B557-8F2A-43A2-A1CD-E539B51E74FD}.Release|ARM64.ActiveCfg = Release|ARM64
		{4494B557-8F2A-43A2-A1CD-E539B51E74FD}.Release|ARM64.Build.0 = Release|ARM64
		{4494B557-8F2A-43A2-A1CD-E539B51E74FD}.Release|ARM64.Deploy.0 = Release|ARM64
		{D499CF17-D549-4698-B0C2-AAF324F3A871}.Debug|Win32.ActiveCfg = Debug|Win32
		{D499CF17-D549-4698-B0C2-AAF324F3A871}.Debug|Win32.Build.0 = Debug|Win32
		{D499CF17-D549-4698-B0C2-AAF324F3A871}.Debug|Win32.Deploy.0 = Debug|Win32
		{D499CF17-D549-4698-B0C2-AAF324F3A871}.Debug|x64.ActiveCfg = Debug|x64
		{D499CF17-D549-4698-B0C2-AAF324F3A871}.Debug|x64.Build.0 = Debug|x64
		{D499CF17-D549-4698-B0C2-AAF324F3A871}.Debug|x64.Deploy.0 = Debug|x64
		{D499CF17-D549-4698-B0C2-AAF324F3A871}.Debug|ARM64.ActiveCfg = Debug|ARM64
		{D499CF17-D549-4698-B0C2-AAF324F3A871}.Debug|ARM64.Build.0 = Debug|ARM64
		{D499CF17-D549-4698-B0C2-AAF324F3A871}.Debug|ARM64.Deploy.0 = Debug|ARM64
		{D499CF17-D549-4698-B0C2-AAF324F3A871}.Release|Win32.ActiveCfg = Release|Win32
		{D499CF17-D549-4698-B0C2-AAF324F3A871}.Release|Win32.Build.0 = Release|Win32
		{D499CF17-D549-4698-B0C2-AAF324F3A871}.Release|Win32.Deploy.0 = Release|Win32
		{D499CF17-D549-4698-B0C2-AAF324F3A871}.Release|x64.ActiveCfg = Release|x64
		{D499CF17-D549-4698-B0C2-AAF324F3A871}.Release|x64.Build.0 = Release|x64
		{D499CF17-D549-4698-B0C2-AAF324F3A871}.Release|x64.Deploy.0 = Release|x64
		{D499CF17-D549-4698-B0C2-AAF324F3A871}.Release|ARM64.ActiveCfg = Release|ARM64
		{D499CF17-D549-4698-B0C2-AAF324F3A871}.Release|ARM64.Build.0 = Release|ARM64
		{D499CF17-D549-4698-B0C2-AAF324F3A871}.Release|ARM64.Deploy.0 = Release|ARM64
		{082B62D8-C449-4509-AB0C-FAC7185C1B2C}.Debug|Win32.ActiveCfg = Debug|Win32
		{082B62D8-C449-4509-AB0C-FAC7185C1B2C}.Debug|Win32.Build.0 = Debug|Win32
		{082B62D8-C449-4509-AB0C-FAC7185C1B2C}.Debug|Win32.Deploy.0 = Debug|Win32
		{082B62D8-C449-4509-AB0C-FAC7185C1B2C}.Debug|x64.ActiveCfg = Debug|x64
		{082B62D8-C449-4509-AB0C-FAC7185C1B2C}.Debug|x64.Build.0 = Debug|x64
		{082B62D8-C449-4509-AB0C-FAC7185C1B2C}.Debug|x64.Deploy.0 = Debug|x64
		{082B62D8-C449-4509-AB0C-FAC7185C1B2C}.Debug|ARM64.ActiveCfg = Debug|ARM64
		{082B62D8-C449-4509-AB0C-FAC7185C1B2C}.Debug|ARM64.Build.0 = Debug|ARM64
		{082B62D8-C449-4509-AB0C-FAC7185C1B2C}.Debug|ARM64.Deploy.0 = Debug|ARM64
		{082B62D8-C449-4509-AB0C-FAC7185C1B2C}.Release|Win32.ActiveCfg = Release|Win32
		{082B62D8-C449-4509-AB0C-FAC7185C1B2C}.Release|Win32.Build.0 = Release|Win32
		{082B62D8-C449-4509-AB0C-FAC7185C1B2C}.Release|Win32.Deploy.0 = Release|Win32
		{082B62D8-C449-4509-AB0C-FAC7185C1B2C}.Release|x64.ActiveCfg = Release|x64
		{082B62D8-C449-4509-AB0C-FAC7185C1B2C}.Release|x64.Build.0 = Release|x64
		{082B62D8-C449-4509-AB0C-FAC7185C1B2C}.Release|x64.Deploy.0 = Release|x64
		{082B62D8-C449-4509-AB0C-FAC7185C1B2C}.Release|ARM64.ActiveCfg = Release|ARM64
		{082B62D8-C449-4509-AB0C-FAC7185C1B2C}.Release|ARM64.Build.0 = Release|ARM64
		{082B62D8-C449-4509-AB0C-FAC7185C1B2C}.Release|ARM64.Deploy.0 = Release|ARM64
		{D46380B8-A167-4587-B95F-455C0D5B5711}.Debug|Win32.ActiveCfg = Debug|Win32
		{D46380B8-A167-4587-B95F-455C0D5B5711}.Debug|Win32.Build.0 = Debug|Win32
		{D46380B8-A167-4587-B95F-455C0D5B5711}.Debug|Win32.Deploy.0 = Debug|Win32
		{D46380B8-A167-4587-B95F-455C0D5B5711}.Debug|x64.ActiveCfg = Debug|x64
		{D46380B8-A167-4587-B95F-455C0D5B5711}.Debug|x64.Build.0 = Debug|x64
		{D46380B8-A167-4587-B95F-455C0D5B5711}.Debug|x64.Deploy.0 = Debug|x64
		{D46380B8-A167-4587-B95F-455C0D5B5711}.Debug|ARM64.ActiveCfg = Debug|ARM64
		{D46380B8-A167-4587-B95F-455C0D5B5711}.Debug|ARM64.Build.0 = Debug|ARM64
		{D46380B8-A167-4587-B95F-455C0D5B5711}.Debug|ARM64.Deploy.0 = Debug|ARM64
		{D46380B8-A167-4587-B95F-455C0D5B5711}.Release|Win32.ActiveCfg = Release|Win32
		{D46380B8-A167-4587-B95F-455C0D5B5711}.Release|Win32.Build.0 = Release|Win32
		{D46380B8-A167-4587-B95F-455C0D5B5711}.Release|Win32.Deploy.0 = Release|Win32
		{D46380B8-A167-4587-B95F-455C0D5B5711}.Release|x64.ActiveCfg = Release|x64
		{D46380B8-A167-4587-B95F-455C0D5B5711}.Release|x64.Build.0 = Release|x64
		{D46380B8-A167-4587-B95F-455C0D5B5711}.Release|x64.Deploy.0 = Release|x64
		{D46380B8-A167-4587-B95F-455C0D5B5711}.Release|ARM64.ActiveCfg = Release|ARM64
		{D46380B8-A167-4587-B95F-455C0D5B5711}.Release|ARM64.Build.0 = Release|ARM64
		{D46380B8-A167-4587-B95F-455C0D5B5711}.Release|ARM64.Deploy.0 = Release|ARM64
		{D6FCE9D0-D8AA-47A4-A920-8121E6B27E0A}.Debug|Win32.ActiveCfg = Debug|Win32
		{D6FCE9D0-D8AA-47A4-A920-8121E6B27E0A}.Debug|Win32.Build.0 = Debug|Win32
		{D6FCE9D0-D8AA-47A4-A920-8121E6B27E0A}.Debug|Win32.Deploy.0 = Debug|Win32
		{D6FCE9D0-D8AA-47A4-A920-8121E6B27E0A}.Debug|x64.ActiveCfg = Debug|x64
		{D6FCE9D0-D8AA-47A4-A920-8121E6B27E0A}.Debug|x64.Build.0 = Debug|x64
		{D6FCE9D0-D8AA-47A4-A920-8121E6B27E0A}.Debug|x64.Deploy.0 = Debug|x64
		{D6FCE9D0-D8AA-47A4-A920-8121E6B27E0A}.Debug|ARM64.ActiveCfg = Debug|ARM64
		{D6FCE9D0-D8AA-47A4-A920-8121E6B27E0A}.Debug|ARM64.Build.0 = Debug|ARM64
		{D6FCE9D0-D8AA-47A4-A920-8121E6B27E0A}.Debug|ARM64.Deploy.0 = Debug|ARM64
		{D6FCE9D0-D8AA-47A4-A920-8121E6B27E0A}.Release|Win32.ActiveCfg = Release|Win32
		{D6FCE9D0-D8AA-47A4-A920-8121E6B27E0A}.Release|Win32.Build.0 = Release|Win32
		{D6FCE9D0-D8AA-47A4-A920-8121E6B27E0A}.Release|Win32.Deploy.0 = Release|Win32
		{D6FCE9D0-D8AA-47A4-A920-8121E6B27E0A}.Release|x64.ActiveCfg = Release|x64
		{D6FCE9D0-D8AA-47A4-A920-8121E6B27E0A}.Release|x64.Build.0 = Release|x64
		{D6FCE9D0-D8AA-47A4-A920-8121E6B27E0A}.Release|x64.Deploy.0 = Release|x64
		{D6FCE9D0-D8AA-47A4-A920-8121E6B27E0A}.Release|ARM64.ActiveCfg = Release|ARM64
		{D6FCE9D0-D8AA-47A4-A920-8121E6B27E0A}.Release|ARM64.Build.0 = Release|ARM64
		{D6FCE9D0-D8AA-47A4-A920-8121E6B27E0A}.Release|ARM64.Deploy.0 = Release|ARM64
		{B2B7F0A2-05E9-4568-B979-1D8E9E28E03B}.Debug|Win32.ActiveCfg = Debug|Win32
		{B2B7F0A2-05E9-4568-B979-1D8E9E28E03B}.Debug|Win32.Build.0 = Debug|Win32
		{B2B7F0A2-05E9-4568-B979-1D8E9E28E03B}.Debug|Win32.Deploy.0 = Debug|Win32
		{B2B7F0A2-05E9-4568-B979-1D8E9E28E03B}.Debug|x64.ActiveCfg = Debug|x64
		{B2B7F0A2-05E9-4568-B979-1D8E9E28E03B}.Debug|x64.Build.0 = Debug|x64
		{B2B7F0A2-05E9-4568-B979-1D8E9E28E03B}.Debug|x64.Deploy.0 = Debug|x64
		{B2B7F0A2-05E9-4568-B979-1D8E9E28E03B}.Debug|ARM64.ActiveCfg = Debug|ARM64
		{B2B7F0A2-05E9-4568-B979-1D8E9E28E03B}.Debug|ARM64.Build.0 = Debug|ARM64
		{B2B7F0A2-05E9-4568-B979-1D8E9E28E03B}.Debug|ARM64.Deploy.0 = Debug|ARM64
		{B2B7F0A2-05E9-4568-B979-1D8E9E28E03B}.Release|Win32.ActiveCfg = Release|Win32
		{B2B7F0A2-05E9-4568-B979-1D8E9E28E03B}.Release|Win32.Build.0 = Release|Win32
		{B2B7F0A2-05E9-4568-B979-1D8E9E28E03B}.Release|Win32.Deploy.0 = Release|Win32
		{B2B7F0A2-05E9-4568-B979-1D8E9E28E03B}.Release|x64.ActiveCfg = Release|x64
		{B2B7F0A2-05E9-4568-B979-1D8E9E28E03B}.Release|x64.Build.0 = Release|x64
		{B2B7F0A2-05E9-4568-B979-1D8E9E28E03B}.Release|x64.Deploy.0 = Release|x64
		{B2B7F0A2-05E9-4568-B979-1D8E9E28E03B}.Release|ARM64.ActiveCfg = Release|ARM64
		{B2B7F0A2-05E9-4568-B979-1D8E9E28E03B}.Release|ARM64.Build.0 = Release|ARM64
		{B2B7F0A2-05E9-4568-B979-1D8E9E28E03B}.Release|ARM64.Deploy.0 = Release|ARM64
		{177B2926-77C5-4281-BD4B-63B25B42BFD1}.Debug|Win32.ActiveCfg = Debug|Win32
		{177B2926-77C5-4281-BD4B-63B25B42BFD1}.Debug|Win32.Build.0 = Debug|Win32
		{177B2926-77C5-4281-BD4B-63B25B42BFD1}.Debug|Win32.Deploy.0 = Debug|Win32
		{177B2926-77C5-4281-BD4B-63B25B42BFD1}.Debug|x64.ActiveCfg = Debug|x64
		{177B2926-77C5-4281-BD4B-63B25B42BFD1}.Debug|x64.Build.0 = Debug|x64
		{177B2926-77C5-4281-BD4B-63B25B42BFD1}.Debug|x64.Deploy.0 = Debug|x64
		{177B2926-77C5-4281-BD4B-63B25B42BFD1}.Debug|ARM64.ActiveCfg = Debug|ARM64
		{177B2926-77C5-4281-BD4B-63B25B42BFD1}.Debug|ARM64.Build.0 = Debug|ARM64
		{177B2926-77C5-4281-BD4B-63B25B42BFD1}.Debug|ARM64.Deploy.0 = Debug|ARM64
		{177B2926-77C5-4281-BD4B-63B25B42BFD1}.Release|Win32.ActiveCfg = Release|Win32
		{177B2926-77C5-4281-BD4B-63B25B42BFD1}.Release|Win32.Build.0 = Release|Win32
		{177B2926-77C5-4281-BD4B-63B25B42BFD1}.Release|Win32.Deploy.0 = Release|Win32
		{177B2926-77C5-4281-BD4B-63B25B42BFD1}.Release|x64.ActiveCfg = Release|x64
		{177B2926-77C5-4281-BD4B-63B25B42BFD1}.Release|x64.Build.0 = Release|x64
		{177B2926-77C5-4281-BD4B-63B25B42BFD1}.Release|x64.Deploy.0 = Release|x64
		{177B2926-77C5-4281-BD4B-63B25B42BFD1}.Release|ARM64.ActiveCfg = Release|ARM64
		{177B2926-77C5-4281-BD4B-63B25B42BFD1}.Release|ARM64.Build.0 = Release|ARM64
		{177B2926-77C5-4281-BD4B-63B25B42BFD1}.Release|ARM64.Deploy.0 = Release|ARM64
		{7DB1B069-B6F6-4E49-B4C1-9002273EF6C6}.Debug|Win32.ActiveCfg = Debug|Win32
		{7DB1B069-B6F6-4E49-B4C1-9002273EF6C6}.Debug|Win32.Build.0 = Debug|Win32
		{7DB1B069-B6F6-4E49-B4C1-9002273EF6C6}.Debug|Win32.Deploy.0 = Debug|Win32
		{7DB1B069-B6F6-4E49-B4C1-9002273EF6C6}.Debug|x64.ActiveCfg = Debug|x64
		{7DB1B069-B6F6-4E49-B4C1-9002273EF6C6}.Debug|x64.Build.0 = Debug|x64
		{7DB1B069-B6F6-4E49-B4C1-9002273EF6C6}.Debug|x64.Deploy.0 = Debug|x64
		{7DB1B069-B6F6-4E49-B4C1-9002273EF6C6}.Debug|ARM64.ActiveCfg = Debug|ARM64
		{7DB1B069-B6F6-4E49-B4C1-9002273EF6C6}.Debug|ARM64.Build.0 = Debug|ARM64
		{7DB1B069-B6F6-4E49-B4C1-9002273EF6C6}.Debug|ARM64.Deploy.0 = Debug|ARM64
		{7DB1B069-B6F6-4E49-B4C1-9002273EF6C6}.Release|Win32.ActiveCfg = Release|Win32
		{7DB1B069-B6F6-4E49-B4C1-9002273EF6C6}.Release|Win32.Build.0 = Release|Win32
		{7DB1B069-B6F6-4E49-B4C1-9002273EF6C6}.Release|Win32.Deploy.0 = Release|Win32
		{7DB1B069-B6F6-4E49-B4C1-9002273EF6C6}.Release|x64.ActiveCfg = Release|x64
		{7DB1B069-B6F6-4E49-B4C1-9002273EF6C6}.Release|x64.Build.0 = Release|x64
		{7DB1B069-B6F6-4E49-B4C1-9002273EF6C6}.Release|x64.Deploy.0 = Release|x64
		{7DB1B069-B6F6-4E49-B4C1-9002273EF6C6}.Release|ARM64.ActiveCfg = Release|ARM64
		{7DB1B069-B6F6-4E49-B4C1-9002273EF6C6}.Release|ARM64.Build.0 = Release|ARM64
		{7DB1B069-B6F6-4E49-B4C1-9002273EF6C6}.Release|ARM64.Deploy.0 = Release|ARM64
		{DB608E91-6B9F-4460-8ECC-AFADC1C80A9D}.Debug|Win32.ActiveCfg = Debug|Win32
		{DB608E91-6B9F-4460-8ECC-AFADC1C80A9D}.Debug|Win32.Build.0 = Debug|Win32
		{DB608E91-6B9F-4460-8ECC-AFADC1C80A9D}.Debug|Win32.Deploy.0 = Debug|Win32
		{DB608E91-6B9F-4460-8ECC-AFADC1C80A9D}.Debug|x64.ActiveCfg = Debug|x64
		{DB608E91-6B9F-4460-8ECC-AFADC1C80A9D}.Debug|x64.Build.0 = Debug|x64
		{DB608E91-6B9F-4460-8ECC-AFADC1C80A9D}.Debug|x64.Deploy.0 = Debug|x64
		{DB608E91-6B9F-4460-8ECC-AFADC1C80A9D}.Debug|ARM64.ActiveCfg = Debug|ARM64
		{DB608E91-6B9F-4460-8ECC-AFADC1C80A9D}.Debug|ARM64.Build.0 = Debug|ARM64
		{DB608E91-6B9F-4460-8ECC-AFADC1C80A9D}.Debug|ARM64.Deploy.0 = Debug|ARM64
		{DB608E91-6B9F-4460-8ECC-AFADC1C80A9D}.Release|Win32.ActiveCfg = Release|Win32
		{DB608E91-6B9F-4460-8ECC-AFADC1C80A9D}.Release|Win32.Build.0 = Release|Win32
		{DB608E91-6B9F-4460-8ECC-AFADC1C80A9D}.Release|Win32.Deploy.0 = Release|Win32
		{DB608E91-6B9F-4460-8ECC-AFADC1C80A9D}.Release|x64.ActiveCfg = Release|x64
		{DB608E91-6B9F-4460-8ECC-AFADC1C80A9D}.Release|x64.Build.0 = Release|x64
		{DB608E91-6B9F-4460-8ECC-AFADC1C80A9D}.Release|x64.Deploy.0 = Release|x64
		{DB608E91-6B9F-4460-8ECC-AFADC1C80A9D}.Release|ARM64.ActiveCfg = Release|ARM64
		{DB608E91-6B9F-4460-8ECC-AFADC1C80A9D}.Release|ARM64.Build.0 = Release|ARM64
		{DB608E91-6B9F-4460-8ECC-AFADC1C80A9D}.Release|ARM64.Deploy.0 = Release|ARM64
		{D39F7C67-E1BF-4122-BA4F-F827B1BCBD16}.Debug|Win32.ActiveCfg = Debug|Win32
		{D39F7C67-E1BF-4122-BA4F-F827B1BCBD16}.Debug|Win32.Build.0 = Debug|Win32
		{D39F7C67-E1BF-4122-BA4F-F827B1BCBD16}.Debug|Win32.Deploy.0 = Debug|Win32
		{D39F7C67-E1BF-4122-BA4F-F827B1BCBD16}.Debug|x64.ActiveCfg = Debug|x64
		{D39F7C67-E1BF-4122-BA4F-F827B1BCBD16}.Debug|x64.Build.0 = Debug|x64
		{D39F7C67-E1BF-4122-BA4F-F827B1BCBD16}.Debug|x64.Deploy.0 = Debug|x64
		{D39F7C67-E1BF-4122-BA4F-F827B1BCBD16}.Debug|ARM64.ActiveCfg = Debug|ARM64
		{D39F7C67-E1BF-4122-BA4F-F827B1BCBD16}.Debug|ARM64.Build.0 = Debug|ARM64
		{D39F7C67-E1BF-4122-BA4F-F827B1BCBD16}.Debug|ARM64.Deploy.0 = Debug|ARM64
		{D39F7C67-E1BF-4122-BA4F-F827B1BCBD16}.Release|Win32.ActiveCfg = Release|Win32
		{D39F7C67-E1BF-4122-BA4F-F827B1BCBD16}.Release|Win32.Build.0 = Release|Win32
		{D39F7C67-E1BF-4122-BA4F-F827B1BCBD16}.Release|Win32.Deploy.0 = Release|Win32
		{D39F7C67-E1BF-4122-BA4F-F827B1BCBD16}.Release|x64.ActiveCfg = Release|x64
		{D39F7C67-E1BF-4122-BA4F-F827B1BCBD16}.Release|x64.Build.0 = Release|x64
		{D39F7C67-E1BF-4122-BA4F-F827B1BCBD16}.Release|x64.Deploy.0 = Release|x64
		{D39F7C67-E1BF-4122-BA4F-F827B1BCBD16}.Release|ARM64.ActiveCfg = Release|ARM64
		{D39F7C67-E1BF-4122-BA4F-F827B1BCBD16}.Release|ARM64.Build.0 = Release|ARM64
		{D39F7C67-E1BF-4122-BA4F-F827B1BCBD16}.Release|ARM64.Deploy.0 = Release|ARM64
		{2A815A37-5702-48E0-87DC-F5CF3B7659D4}.Debug|Win32.ActiveCfg = Debug|Win32
		{2A815A37-5702-48E0-87DC-F5CF3B7659D4}.Debug|Win32.Build.0 = Debug|Win32
		{2A815A37-5702-48E0-87DC-F5CF3B7659D4}.Debug|Win32.Deploy.0 = Debug|Win32
		{2A815A37-5702-48E0-87DC-F5CF3B7659D4}.Debug|x64.ActiveCfg = Debug|x64
		{2A815A37-5702-48E0-87DC-F5CF3B7659D4}.Debug|x64.Build.0 = Debug|x64
		{2A815A37-5702-48E0-87DC-F5CF3B7659D4}.Debug|x64.Deploy.0 = Debug|x64
		{2A815A37-5702-48E0-87DC-F5CF3B7659D4}.Debug|ARM64.ActiveCfg = Debug|ARM64
		{2A815A37-5702-48E0-87DC-F5CF3B7659D4}.Debug|ARM64.Build.0 = Debug|ARM64
		{2A815A37-5702-48E0-87DC-F5CF3B7659D4}.Debug|ARM64.Deploy.0 = Debug|ARM64
		{2A815A37-5702-48E0-87DC-F5CF3B7659D4}.Release|Win32.ActiveCfg = Release|Win32
		{2A815A37-5702-48E0-87DC-F5CF3B7659D4}.Release|Win32.Build.0 = Release|Win32
		{2A815A37-5702-48E0-87DC-F5CF3B7659D4}.Release|Win32.Deploy.0 = Release|Win32
		{2A815A37-5702-48E0-87DC-F5CF3B7659D4}.Release|x64.ActiveCfg = Release|x64
		{2A815A37-5702-48E0-87DC-F5CF3B7659D4}.Release|x64.Build.0 = Release|x64
		{2A815A37-5702-48E0-87DC-F5CF3B7659D4}.Release|x64.Deploy.0 = Release|x64
		{2A815A37-5702-48E0-87DC-F5CF3B7659D4}.Release|ARM64.ActiveCfg = Release|ARM64
		{2A815A37-5702-48E0-87DC-F5CF3B7659D4}.Release|ARM64.Build.0 = Release|ARM64
		{2A815A37-5702-48E0-87DC-F5CF3B7659D4}.Release|ARM64.Deploy.0 = Release|ARM64
		{94E25025-BB51-4D27-AC1F-BAFE0E648051}.Debug|Win32.ActiveCfg = Debug|Win32
		{94E25025-BB51-4D27-AC1F-BAFE0E648051}.Debug|Win32.Build.0 = Debug|Win32
		{94E25025-BB51-4D27-AC1F-BAFE0E648051}.Debug|Win32.Deploy.0 = Debug|Win32
		{94E25025-BB51-4D27-AC1F-BAFE0E648051}.Debug|x64.ActiveCfg = Debug|x64
		{94E25025-BB51-4D27-AC1F-BAFE0E648051}.Debug|x64.Build.0 = Debug|x64
		{94E25025-BB51-4D27-AC1F-BAFE0E648051}.Debug|x64.Deploy.0 = Debug|x64
		{94E25025-BB51-4D27-AC1F-BAFE0E648051}.Debug|ARM64.ActiveCfg = Debug|ARM64
		{94E25025-BB51-4D27-AC1F-BAFE0E648051}.Debug|ARM64.Build.0 = Debug|ARM64
		{94E25025-BB51-4D27-AC1F-BAFE0E648051}.Debug|ARM64.Deploy.0 = Debug|ARM64
		{94E25025-BB51-4D27-AC1F-BAFE0E648051}.Release|Win32.ActiveCfg = Release|Win32
		{94E25025-BB51-4D27-AC1F-BAFE0E648051}.Release|Win32.Build.0 = Release|Win32
		{94E25025-BB51-4D27-AC1F-BAFE0E648051}.Release|Win32.Deploy.0 = Release|Win32
		{94E25025-BB51-4D27-AC1F-BAFE0E648051}.Release|x64.ActiveCfg = Release|x64
		{94E25025-BB51-4D27-AC1F-BAFE0E648051}.Release|x64.Build.0 = Release|x64
		{94E25025-BB51-4D27-AC1F-BAFE0E648051}.Release|x64.Deploy.0 = Release|x64
		{94E25025-BB51-4D27-AC1F-BAFE0E648051}.Release|ARM64.ActiveCfg = Release|ARM64
		{94E25025-BB51-4D27-AC1F-BAFE0E648051}.Release|ARM64.Build.0 = Release|ARM64
		{94E25025-BB51-4D27-AC1F-BAFE0E648051}.Release|ARM64.Deploy.0 = Release|ARM64
		{4A63D3DE-85BC-42E7-9BE9-4092BD6C9A0E}.Debug|Win32.ActiveCfg = Debug|Win32
		{4A63D3DE-85BC-42E7-9BE9-4092BD6C9A0E}.Debug|Win32.Build.0 = Debug|Win32
		{4A63D3DE-85BC-42E7-9BE9-4092BD6C9A0E}.Debug|Win32.Deploy.0 = Debug|Win32
		{4A63D3DE-85BC-42E7-9BE9-4092BD6C9A0E}.Debug|x64.ActiveCfg = Debug|x64
		{4A63D3DE-85BC-42E7-9BE9-4092BD6C9A0E}.Debug|x64.Build.0 = Debug|x64
		{4A63D3DE-85BC-42E7-9BE9-4092BD6C9A0E}.Debug|x64.Deploy.0 = Debug|x64
		{4A63D3DE-85BC-42E7-9BE9-4092BD6C9A0E}.Debug|ARM64.ActiveCfg = Debug|ARM64
		{4A63D3DE-85BC-42E7-9BE9-4092BD6C9A0E}.Debug|ARM64.Build.0 = Debug|ARM64
		{4A63D3DE-85BC-42E7-9BE9-4092BD6C9A0E}.Debug|ARM64.Deploy.0 = Debug|ARM64
		{4A63D3DE-85BC-42E7-9BE9-4092BD6C9A0E}.Release|Win32.ActiveCfg = Release|Win32
		{4A63D3DE-85BC-42E7-9BE9-4092BD6C9A0E}.Release|Win32.Build.0 = Release|Win32
		{4A63D3DE-85BC-42E7-9BE9-4092BD6C9A0E}.Release|Win32.Deploy.0 = Release|Win32
		{4A63D3DE-85BC-42E7-9BE9-4092BD6C9A0E}.Release|x64.ActiveCfg = Release|x64
		{4A63D3DE-85BC-42E7-9BE9-4092BD6C9A0E}.Release|x64.Build.0 = Release|x64
		{4A63D3DE-85BC-42E7-9BE9-4092BD6C9A0E}.Release|x64.Deploy.0 = Release|x64
		{4A63D3DE-85BC-42E7-9BE9-4092BD6C9A0E}.Release|ARM64.ActiveCfg = Release|ARM64
		{4A63D3DE-85BC-42E7-9BE9-4092BD6C9A0E}.Release|ARM64.Build.0 = Release|ARM64
		{4A63D3DE-85BC-42E7-9BE9-4092BD6C9A0E}.Release|ARM64.Deploy.0 = Release|ARM64
		{D8E39B60-30AF-450C-B761-619665C04086}.Debug|Win32.ActiveCfg = Debug|Win32
		{D8E39B60-30AF-450C-B761-619665C04086}.Debug|Win32.Build.0 = Debug|Win32
		{D8E39B60-30AF-450C-B761-619665C04086}.Debug|Win32.Deploy.0 = Debug|Win32
		{D8E39B60-30AF-450C-B761-619665C04086}.Debug|x64.ActiveCfg = Debug|x64
		{D8E39B60-30AF-450C-B761-619665C04086}.Debug|x64.Build.0 = Debug|x64
		{D8E39B60-30AF-450C-B761-619665C04086}.Debug|x64.Deploy.0 = Debug|x64
		{D8E39B60-30AF-450C-B761-619665C04086}.Debug|ARM64.ActiveCfg = Debug|ARM64
		{D8E39B60-30AF-450C-B761-619665C04086}.Debug|ARM64.Build.0 = Debug|ARM64
		{D8E39B60-30AF-450C-B761-619665C04086}.Debug|ARM64.Deploy.0 = Debug|ARM64
		{D8E39B60-30AF-450C-B761-619665C04086}.Release|Win32.ActiveCfg = Release|Win32
		{D8E39B60-30AF-450C-B761-619665C04086}.Release|Win32.Build.0 = Release|Win32
		{D8E39B60-30AF-450C-B761-619665C04086}.Release|Win32.Deploy.0 = Release|Win32
		{D8E39B60-30AF-450C-B761-619665C04086}.Release|x64.ActiveCfg = Release|x64
		{D8E39B60-30AF-450C-B761-619665C04086}.Release|x64.Build.0 = Release|x64
		{D8E39B60-30AF-450C-B761-619665C04086}.Release|x64.Deploy.0 = Release|x64
		{D8E39B60-30AF-450C-B761-619665C04086}.Release|ARM64.ActiveCfg = Release|ARM64
		{D8E39B60-30AF-450C-B761-619665C04086}.Release|ARM64.Build.0 = Release|ARM64
		{D8E39B60-30AF-450C-B761-619665C04086}.Release|ARM64.Deploy.0 = Release|ARM64
		{AAE71F8F-A332-4F70-9C1A-5E76BB8751A6}.Debug|Win32.ActiveCfg = Debug|Win32
		{AAE71F8F-A332-4F70-9C1A-5E76BB8751A6}.Debug|Win32.Build.0 = Debug|Win32
		{AAE71F8F-A332-4F70-9C1A-5E76BB8751A6}.Debug|Win32.Deploy.0 = Debug|Win32
		{AAE71F8F-A332-4F70-9C1A-5E76BB8751A6}.Debug|x64.ActiveCfg = Debug|x64
		{AAE71F8F-A332-4F70-9C1A-5E76BB8751A6}.Debug|x64.Build.0 = Debug|x64
		{AAE71F8F-A332-4F70-9C1A-5E76BB8751A6}.Debug|x64.Deploy.0 = Debug|x64
		{AAE71F8F-A332-4F70-9C1A-5E76BB8751A6}.Debug|ARM64.ActiveCfg = Debug|ARM64
		{AAE71F8F-A332-4F70-9C1A-5E76BB8751A6}.Debug|ARM64.Build.0 = Debug|ARM64
		{AAE71F8F-A332-4F70-9C1A-5E76BB8751A6}.Debug|ARM64.Deploy.0 = Debug|ARM64
		{AAE71F8F-A332-4F70-9C1A-5E76BB8751A6}.Release|Win32.ActiveCfg = Release|Win32
		{AAE71F8F-A332-4F70-9C1A-5E76BB8751A6}.Release|Win32.Build.0 = Release|Win32
		{AAE71F8F-A332-4F70-9C1A-5E76BB8751A6}.Release|Win32.Deploy.0 = Release|Win32
		{AAE71F8F-A332-4F70-9C1A-5E76BB8751A6}.Release|x64.ActiveCfg = Release|x64
		{AAE71F8F-A332-4F70-9C1A-5E76BB8751A6}.Release|x64.Build.0 = Release|x64
		{AAE71F8F-A332-4F70-9C1A-5E76BB8751A6}.Release|x64.Deploy.0 = Release|x64
		{AAE71F8F-A332-4F70-9C1A-5E76BB8751A6}.Release|ARM64.ActiveCfg = Release|ARM64
		{AAE71F8F-A332-4F70-9C1A-5E76BB8751A6}.Release|ARM64.Build.0 = Release|ARM64
		{AAE71F8F-A332-4F70-9C1A-5E76BB8751A6}.Release|ARM64.Deploy.0 = Release|ARM64
		{AB7F7397-3E0D-46C5-9129-7147624C4D8F}.Debug|Win32.ActiveCfg = Debug|Win32
		{AB7F7397-3E0D-46C5-9129-7147624C4D8F}.Debug|Win32.Build.0 = Debug|Win32
		{AB7F7397-3E0D-46C5-9129-7147624C4D8F}.Debug|Win32.Deploy.0 = Debug|Win32
		{AB7F7397-3E0D-46C5-9129-7147624C4D8F}.Debug|x64.ActiveCfg = Debug|x64
		{AB7F7397-3E0D-46C5-9129-7147624C4D8F}.Debug|x64.Build.0 = Debug|x64
		{AB7F7397-3E0D-46C5-9129-7147624C4D8F}.Debug|x64.Deploy.0 = Debug|x64
		{AB7F7397-3E0D-46C5-9129-7147624C4D8F}.Debug|ARM64.ActiveCfg = Debug|ARM64
		{AB7F7397-3E0D-46C5-9129-7147624C4D8F}.Debug|ARM64.Build.0 = Debug|ARM64
		{AB7F7397-3E0D-46C5-9129-7147624C4D8F}.Debug|ARM64.Deploy.0 = Debug|ARM64
		{AB7F7397-3E0D-46C5-9129-7147624C4D8F}.Release|Win32.ActiveCfg = Release|Win32
		{AB7F7397-3E0D-46C5-9129-7147624C4D8F}.Release|Win32.Build.0 = Release|Win32
		{AB7F7397-3E0D-46C5-9129-7147624C4D8F}.Release|Win32.Deploy.0 = Release|Win32
		{AB7F7397-3E0D-46C5-9129-7147624C4D8F}.Release|x64.ActiveCfg = Release|x64
		{AB7F7397-3E0D-46C5-9129-7147624C4D8F}.Release|x64.Build.0 = Release|x64
		{AB7F7397-3E0D-46C5-9129-7147624C4D8F}.Release|x64.Deploy.0 = Release|x64
		{AB7F7397-3E0D-46C5-9129-7147624C4D8F}.Release|ARM64.ActiveCfg = Release|ARM64
		{AB7F7397-3E0D-46C5-9129-7147624C4D8F}.Release|ARM64.Build.0 = Release|ARM64
		{AB7F7397-3E0D-46C5-9129-7147624C4D8F}.Release|ARM64.Deploy.0 = Release|ARM64
		{29212185-26CE-44DC-90F0-5E645D01ED67}.Debug|Win32.ActiveCfg = Debug|Win32
		{29212185-26CE-44DC-90F0-5E645D01ED67}.Debug|Win32.Build.0 = Debug|Win32
		{29212185-26CE-44DC-90F0-5E645D01ED67}.Debug|Win32.Deploy.0 = Debug|Win32
		{29212185-26CE-44DC-90F0-5E645D01ED67}.Debug|x64.ActiveCfg = Debug|x64
		{29212185-26CE-44DC-90F0-5E645D01ED67}.Debug|x64.Build.0 = Debug|x64
		{29212185-26CE-44DC-90F0-5E645D01ED67}.Debug|x64.Deploy.0 = Debug|x64
		{29212185-26CE-44DC-90F0-5E645D01ED67}.Debug|ARM64.ActiveCfg = Debug|ARM64
		{29212185-26CE-44DC-90F0-5E645D01ED67}.Debug|ARM64.Build.0 = Debug|ARM64
		{29212185-26CE-44DC-90F0-5E645D01ED67}.Debug|ARM64.Deploy.0 = Debug|ARM64
		{29212185-26CE-44DC-90F0-5E645D01ED67}.Release|Win32.ActiveCfg = Release|Win32
		{29212185-26CE-44DC-90F0-5E645D01ED67}.Release|Win32.Build.0 = Release|Win32
		{29212185-26CE-44DC-90F0-5E645D01ED67}.Release|Win32.Deploy.0 = Release|Win32
		{29212185-26CE-44DC-90F0-5E645D01ED67}.Release|x64.ActiveCfg = Release|x64
		{29212185-26CE-44DC-90F0-5E645D01ED67}.Release|x64.Build.0 = Release|x64
		{29212185-26CE-44DC-90F0-5E645D01ED67}.Release|x64.Deploy.0 = Release|x64
		{29212185-26CE-44DC-90F0-5E645D01ED67}.Release|ARM64.ActiveCfg = Release|ARM64
		{29212185-26CE-44DC-90F0-5E645D01ED67}.Release|ARM64.Build.0 = Release|ARM64
		{29212185-26CE-44DC-90F0-5E645D01ED67}.Release|ARM64.Deploy.0 = Release|ARM64
		{AE58D3FD-9263-4592-AF83-E9905BFFFA96}.Debug|Win32.ActiveCfg = Debug|Win32
		{AE58D3FD-9263-4592-AF83-E9905BFFFA96}.Debug|Win32.Build.0 = Debug|Win32
		{AE58D3FD-9263-4592-AF83-E9905BFFFA96}.Debug|Win32.Deploy.0 = Debug|Win32
		{AE58D3FD-9263-4592-AF83-E9905BFFFA96}.Debug|x64.ActiveCfg = Debug|x64
		{AE58D3FD-9263-4592-AF83-E9905BFFFA96}.Debug|x64.Build.0 = Debug|x64
		{AE58D3FD-9263-4592-AF83-E9905BFFFA96}.Debug|x64.Deploy.0 = Debug|x64
		{AE58D3FD-9263-4592-AF83-E9905BFFFA96}.Debug|ARM64.ActiveCfg = Debug|ARM64
		{AE58D3FD-9263-4592-AF83-E9905BFFFA96}.Debug|ARM64.Build.0 = Debug|ARM64
		{AE58D3FD-9263-4592-AF83-E9905BFFFA96}.Debug|ARM64.Deploy.0 = Debug|ARM64
		{AE58D3FD-9263-4592-AF83-E9905BFFFA96}.Release|Win32.ActiveCfg = Release|Win32
		{AE58D3FD-9263-4592-AF83-E9905BFFFA96}.Release|Win32.Build.0 = Release|Win32
		{AE58D3FD-9263-4592-AF83-E9905BFFFA96}.Release|Win32.Deploy.0 = Release|Win32
		{AE58D3FD-9263-4592-AF83-E9905BFFFA96}.Release|x64.ActiveCfg = Release|x64
		{AE58D3FD-9263-4592-AF83-E9905BFFFA96}.Release|x64.Build.0 = Release|x64
		{AE58D3FD-9263-4592-AF83-E9905BFFFA96}.Release|x64.Deploy.0 = Release|x64
		{AE58D3FD-9263-4592-AF83-E9905BFFFA96}.Release|ARM64.ActiveCfg = Release|ARM64
		{AE58D3FD-9263-4592-AF83-E9905BFFFA96}.Release|ARM64.Build.0 = Release|ARM64
		{AE58D3FD-9263-4592-AF83-E9905BFFFA96}.Release|ARM64.Deploy.0 = Release|ARM64
		{7B50067E-F506-405A-8A18-17604ED7BF1E}.Debug|Win32.ActiveCfg = Debug|Win32
		{7B50067E-F506-405A-8A18-17604ED7BF1E}.Debug|Win32.Build.0 = Debug|Win32
		{7B50067E-F506-405A-8A18-17604ED7BF1E}.Debug|Win32.Deploy.0 = Debug|Win32
		{7B50067E-F506-405A-8A18-17604ED7BF1E}.Debug|x64.ActiveCfg = Debug|x64
		{7B50067E-F506-405A-8A18-17604ED7BF1E}.Debug|x64.Build.0 = Debug|x64
		{7B50067E-F506-405A-8A18-17604ED7BF1E}.Debug|x64.Deploy.0 = Debug|x64
		{7B50067E-F506-405A-8A18-17604ED7BF1E}.Debug|ARM64.ActiveCfg = Debug|ARM64
		{7B50067E-F506-405A-8A18-17604ED7BF1E}.Debug|ARM64.Build.0 = Debug|ARM64
		{7B50067E-F506-405A-8A18-17604ED7BF1E}.Debug|ARM64.Deploy.0 = Debug|ARM64
		{7B50067E-F506-405A-8A18-17604ED7BF1E}.Release|Win32.ActiveCfg = Release|Win32
		{7B50067E-F506-405A-8A18-17604ED7BF1E}.Release|Win32.Build.0 = Release|Win32
		{7B50067E-F506-405A-8A18-17604ED7BF1E}.Release|Win32.Deploy.0 = Release|Win32
		{7B50067E-F506-405A-8A18-17604ED7BF1E}.Release|x64.ActiveCfg = Release|x64
		{7B50067E-F506-405A-8A18-17604ED7BF1E}.Release|x64.Build.0 = Release|x64
		{7B50067E-F506-405A-8A18-17604ED7BF1E}.Release|x64.Deploy.0 = Release|x64
		{7B50067E-F506-405A-8A18-17604ED7BF1E}.Release|ARM64.ActiveCfg = Release|ARM64
		{7B50067E-F506-405A-8A18-17604ED7BF1E}.Release|ARM64.Build.0 = Release|ARM64
		{7B50067E-F506-405A-8A18-17604ED7BF1E}.Release|ARM64.Deploy.0 = Release|ARM64
	EndGlobalSection
	GlobalSection(SolutionProperties) = preSolution
		HideSolutionNode = FALSE
	EndGlobalSection
EndGlobal
