<?xml version="1.0" encoding="utf-8"?>
<!-- This is a dummy filters file to keep the IDE happy. -->
<Project ToolsVersion="Current" xmlns="http://schemas.microsoft.com/developer/msbuild/2003">
	<ItemGroup>
		<Filter Include="Source">
			<UniqueIdentifier>{93995380-89BD-4b04-88EB-625FBE52EBFB}</UniqueIdentifier>
		</Filter>
	</ItemGroup>
</Project>
